
Microsoft Visual Studio Solution File, Format Version 12.00
# Visual Studio Version 16
VisualStudioVersion = 16.0.31515.178
MinimumVisualStudioVersion = 10.0.40219.1
Project("{FAE04EC0-301F-11D3-BF4B-00C04F79EFBC}") = "Shop_Online", "Shop_Online\Shop_Online.csproj", "{4366DB7B-1D84-426C-8C21-813D3374AB52}"
EndProject
Global
	GlobalSection(SolutionConfigurationPlatforms) = preSolution
		Debug|Any CPU = Debug|Any CPU
		Release|Any CPU = Release|Any CPU
	EndGlobalSection
	GlobalSection(ProjectConfigurationPlatforms) = postSolution
		{4366DB7B-1D84-426C-8C21-813D3374AB52}.Debug|Any CPU.ActiveCfg = Debug|Any CPU
		{4366DB7B-1D84-426C-8C21-813D3374AB52}.Debug|Any CPU.Build.0 = Debug|Any CPU
		{4366DB7B-1D84-426C-8C21-813D3374AB52}.Release|Any CPU.ActiveCfg = Release|Any CPU
		{4366DB7B-1D84-426C-8C21-813D3374AB52}.Release|Any CPU.Build.0 = Release|Any CPU
	EndGlobalSection
	GlobalSection(SolutionProperties) = preSolution
		HideSolutionNode = FALSE
	EndGlobalSection
	GlobalSection(ExtensibilityGlobals) = postSolution
		SolutionGuid = {530BFC20-97FA-4A4C-823C-97F5507CBA02}
	EndGlobalSection
EndGlobal
